
Microsoft Visual Studio Solution File, Format Version 12.00
# Visual Studio Version 17
VisualStudioVersion = 17.13.35913.81 d17.13
MinimumVisualStudioVersion = 10.0.40219.1
Project("{FAE04EC0-301F-11D3-BF4B-00C04F79EFBC}") = "IoTClient", "IoTClient\IoTClient.csproj", "{CBA78726-F4FF-4CF4-A109-13716CB44B5C}"
EndProject
Global
	GlobalSection(SolutionConfigurationPlatforms) = preSolution
		Debug|Any CPU = Debug|Any CPU
		Release|Any CPU = Release|Any CPU
	EndGlobalSection
	GlobalSection(ProjectConfigurationPlatforms) = postSolution
		{CBA78726-F4FF-4CF4-A109-13716CB44B5C}.Debug|Any CPU.ActiveCfg = Debug|Any CPU
		{CBA78726-F4FF-4CF4-A109-13716CB44B5C}.Debug|Any CPU.Build.0 = Debug|Any CPU
		{CBA78726-F4FF-4CF4-A109-13716CB44B5C}.Release|Any CPU.ActiveCfg = Release|Any CPU
		{CBA78726-F4FF-4CF4-A109-13716CB44B5C}.Release|Any CPU.Build.0 = Release|Any CPU
	EndGlobalSection
	GlobalSection(SolutionProperties) = preSolution
		HideSolutionNode = FALSE
	EndGlobalSection
	GlobalSection(ExtensibilityGlobals) = postSolution
		SolutionGuid = {3ADC0CE8-5AC0-4CE6-88FA-E32FFEC857D7}
	EndGlobalSection
EndGlobal
